# This file is autogenerated, do not edit; changes may be undone by the next 'dep ensure'.


[[projects]]
  branch = "master"
  name = "github.com/aandryashin/matchers"
  packages = [".","httpresp"]
  revision = "435295ea180e58dbfa526db1ebab8c801b4c2b75"

[[projects]]
  branch = "master"
  name = "github.com/aerokube/ggr"
  packages = ["config"]
  revision = "858d031070f407076b2bcfb40e0f133f14544583"

[[projects]]
  branch = "master"
  name = "github.com/aerokube/util"
  packages = ["."]
  revision = "2fa5cda33a2e16b7639e40386ca232c9f6cf9475"

[[projects]]
  branch = "master"
  name = "golang.org/x/net"
  packages = ["websocket"]
  revision = "5f9ae10d9af5b1c89ae6904293b14b064d4ada23"

[solve-meta]
  analyzer-name = "dep"
  analyzer-version = 1
  inputs-digest = "48153914c6db99b439eea0509a78656e2b01f7266c784f164ce09138be3e8679"
  solver-name = "gps-cdcl"
  solver-version = 1
